{
	"name": "wonk",
	"lockfileVersion": 3,
	"requires": true,
	"packages": {
		"": {
			"name": "wonk",
			"workspaces": [
				"./peerid",
				"./identity"
			]
		},
		"identity": {
			"name": "wonk-identity",
			"version": "0.1.0",
			"license": "MIT-0",
			"dependencies": {
				"wonk-peerid": "file:../peerid"
			}
		},
		"node_modules/wonk-identity": {
			"resolved": "identity",
			"link": true
		},
		"node_modules/wonk-peerid": {
			"resolved": "peerid",
			"link": true
		},
		"peerid": {
			"name": "wonk-peerid",
			"version": "0.1.0",
			"license": "MIT-0"
		}
	}
}
