{
	"name": "wonk",
	"lockfileVersion": 3,
	"requires": true,
	"packages": {
		"": {
			"name": "wonk",
			"workspaces": [
				"./peerid",
				"./identity",
				"./peercon",
				"./mbedtls"
			]
		},
		"dtls": {
			"version": "0.1.0",
			"extraneous": true,
			"hasInstallScript": true,
			"license": "Apache-2.0",
			"dependencies": {
				"wonk-identity": "file:../identity"
			}
		},
		"identity": {
			"name": "wonk-identity",
			"version": "0.1.0",
			"license": "MIT-0",
			"dependencies": {
				"wonk-peerid": "file:../peerid"
			}
		},
		"mbedtls": {
			"name": "wonk-mbedtls",
			"version": "0.2.0",
			"hasInstallScript": true,
			"license": "Apache-2.0"
		},
		"node_modules/wonk-identity": {
			"resolved": "identity",
			"link": true
		},
		"node_modules/wonk-mbedtls": {
			"resolved": "mbedtls",
			"link": true
		},
		"node_modules/wonk-peercon": {
			"resolved": "peercon",
			"link": true
		},
		"node_modules/wonk-peerid": {
			"resolved": "peerid",
			"link": true
		},
		"peercon": {
			"name": "wonk-peercon",
			"version": "0.1.0",
			"license": "MIT-0",
			"dependencies": {
				"wonk-identity": "file:../identity"
			}
		},
		"peerid": {
			"name": "wonk-peerid",
			"version": "0.1.0",
			"license": "MIT-0"
		}
	}
}
